{
  "name": "minigrace-known-good",
  "version": "0.0.1-psu",
  "lockfileVersion": 1,
  "requires": true,
  "dependencies": {
    "minigrace": {
      "version": "1.0.4049",
      "resolved": "https://registry.npmjs.org/minigrace/-/minigrace-1.0.4049.tgz",
      "integrity": "sha1-7Tqnl34uCT8TadUYYH5S6HHkNk8="
    }
  }
}
